
Microsoft Visual Studio Solution File, Format Version 11.00
# Visual Studio 2010
Project("{FAE04EC0-301F-11D3-BF4B-00C04F79EFBC}") = "DemoApp", "DemoApp\DemoApp.csproj", "{40406759-A964-4878-A4CF-2CAD8DA8584F}"
EndProject
Project("{FAE04EC0-301F-11D3-BF4B-00C04F79EFBC}") = "ComLib", "ComLib\ComLib.csproj", "{70D21FDA-A5E3-4629-907B-B94051A65093}"
EndProject
Project("{FAE04EC0-301F-11D3-BF4B-00C04F79EFBC}") = "WebApp", "WebApp\WebApp.csproj", "{5108974D-F5A2-47ED-A205-6760FED588C8}"
EndProject
Project("{F088123C-0E9E-452A-89E6-6BA2F21D5CAC}") = "ModelingProject1", "ModelingProject1\ModelingProject1.modelproj", "{3238CA89-977D-4006-B7B0-82E38ED9F373}"
EndProject
Global
	GlobalSection(SourceCodeControl) = preSolution
		SccNumberOfProjects = 5
		SccLocalPath0 = .
		SccProjectUniqueName1 = ComLib\\ComLib.csproj
		SccLocalPath1 = .
		SccProjectFilePathRelativizedFromConnection1 = ComLib\\
		SccProjectUniqueName2 = DemoApp\\DemoApp.csproj
		SccLocalPath2 = .
		SccProjectFilePathRelativizedFromConnection2 = DemoApp\\
		SccProjectUniqueName3 = ModelingProject1\\ModelingProject1.modelproj
		SccLocalPath3 = .
		SccProjectFilePathRelativizedFromConnection3 = ModelingProject1\\
		SccProjectUniqueName4 = WebApp\\WebApp.csproj
		SccLocalPath4 = .
		SccProjectFilePathRelativizedFromConnection4 = WebApp\\
	EndGlobalSection
	GlobalSection(SolutionConfigurationPlatforms) = preSolution
		Debug|Any CPU = Debug|Any CPU
		Debug|Mixed Platforms = Debug|Mixed Platforms
		Debug|x86 = Debug|x86
		Release|Any CPU = Release|Any CPU
		Release|Mixed Platforms = Release|Mixed Platforms
		Release|x86 = Release|x86
	EndGlobalSection
	GlobalSection(ProjectConfigurationPlatforms) = postSolution
		{40406759-A964-4878-A4CF-2CAD8DA8584F}.Debug|Any CPU.ActiveCfg = Debug|x86
		{40406759-A964-4878-A4CF-2CAD8DA8584F}.Debug|Mixed Platforms.ActiveCfg = Debug|x86
		{40406759-A964-4878-A4CF-2CAD8DA8584F}.Debug|Mixed Platforms.Build.0 = Debug|x86
		{40406759-A964-4878-A4CF-2CAD8DA8584F}.Debug|x86.ActiveCfg = Debug|x86
		{40406759-A964-4878-A4CF-2CAD8DA8584F}.Debug|x86.Build.0 = Debug|x86
		{40406759-A964-4878-A4CF-2CAD8DA8584F}.Release|Any CPU.ActiveCfg = Release|x86
		{40406759-A964-4878-A4CF-2CAD8DA8584F}.Release|Mixed Platforms.ActiveCfg = Release|x86
		{40406759-A964-4878-A4CF-2CAD8DA8584F}.Release|Mixed Platforms.Build.0 = Release|x86
		{40406759-A964-4878-A4CF-2CAD8DA8584F}.Release|x86.ActiveCfg = Release|x86
		{40406759-A964-4878-A4CF-2CAD8DA8584F}.Release|x86.Build.0 = Release|x86
		{70D21FDA-A5E3-4629-907B-B94051A65093}.Debug|Any CPU.ActiveCfg = Debug|Any CPU
		{70D21FDA-A5E3-4629-907B-B94051A65093}.Debug|Any CPU.Build.0 = Debug|Any CPU
		{70D21FDA-A5E3-4629-907B-B94051A65093}.Debug|Mixed Platforms.ActiveCfg = Debug|Any CPU
		{70D21FDA-A5E3-4629-907B-B94051A65093}.Debug|Mixed Platforms.Build.0 = Debug|Any CPU
		{70D21FDA-A5E3-4629-907B-B94051A65093}.Debug|x86.ActiveCfg = Debug|Any CPU
		{70D21FDA-A5E3-4629-907B-B94051A65093}.Release|Any CPU.ActiveCfg = Release|Any CPU
		{70D21FDA-A5E3-4629-907B-B94051A65093}.Release|Any CPU.Build.0 = Release|Any CPU
		{70D21FDA-A5E3-4629-907B-B94051A65093}.Release|Mixed Platforms.ActiveCfg = Release|Any CPU
		{70D21FDA-A5E3-4629-907B-B94051A65093}.Release|Mixed Platforms.Build.0 = Release|Any CPU
		{70D21FDA-A5E3-4629-907B-B94051A65093}.Release|x86.ActiveCfg = Release|Any CPU
		{5108974D-F5A2-47ED-A205-6760FED588C8}.Debug|Any CPU.ActiveCfg = Debug|Any CPU
		{5108974D-F5A2-47ED-A205-6760FED588C8}.Debug|Any CPU.Build.0 = Debug|Any CPU
		{5108974D-F5A2-47ED-A205-6760FED588C8}.Debug|Mixed Platforms.ActiveCfg = Debug|Any CPU
		{5108974D-F5A2-47ED-A205-6760FED588C8}.Debug|Mixed Platforms.Build.0 = Debug|Any CPU
		{5108974D-F5A2-47ED-A205-6760FED588C8}.Debug|x86.ActiveCfg = Debug|Any CPU
		{5108974D-F5A2-47ED-A205-6760FED588C8}.Release|Any CPU.ActiveCfg = Release|Any CPU
		{5108974D-F5A2-47ED-A205-6760FED588C8}.Release|Any CPU.Build.0 = Release|Any CPU
		{5108974D-F5A2-47ED-A205-6760FED588C8}.Release|Mixed Platforms.ActiveCfg = Release|Any CPU
		{5108974D-F5A2-47ED-A205-6760FED588C8}.Release|Mixed Platforms.Build.0 = Release|Any CPU
		{5108974D-F5A2-47ED-A205-6760FED588C8}.Release|x86.ActiveCfg = Release|Any CPU
		{3238CA89-977D-4006-B7B0-82E38ED9F373}.Debug|Any CPU.ActiveCfg = Debug|Any CPU
		{3238CA89-977D-4006-B7B0-82E38ED9F373}.Debug|Any CPU.Build.0 = Debug|Any CPU
		{3238CA89-977D-4006-B7B0-82E38ED9F373}.Debug|Mixed Platforms.ActiveCfg = Debug|Any CPU
		{3238CA89-977D-4006-B7B0-82E38ED9F373}.Debug|Mixed Platforms.Build.0 = Debug|Any CPU
		{3238CA89-977D-4006-B7B0-82E38ED9F373}.Debug|x86.ActiveCfg = Debug|Any CPU
		{3238CA89-977D-4006-B7B0-82E38ED9F373}.Release|Any CPU.ActiveCfg = Release|Any CPU
		{3238CA89-977D-4006-B7B0-82E38ED9F373}.Release|Any CPU.Build.0 = Release|Any CPU
		{3238CA89-977D-4006-B7B0-82E38ED9F373}.Release|Mixed Platforms.ActiveCfg = Release|Any CPU
		{3238CA89-977D-4006-B7B0-82E38ED9F373}.Release|Mixed Platforms.Build.0 = Release|Any CPU
		{3238CA89-977D-4006-B7B0-82E38ED9F373}.Release|x86.ActiveCfg = Release|Any CPU
	EndGlobalSection
	GlobalSection(SolutionProperties) = preSolution
		HideSolutionNode = FALSE
	EndGlobalSection
EndGlobal
