
Microsoft Visual Studio Solution File, Format Version 11.00
# Visual Studio 2010
Project("{FAE04EC0-301F-11D3-BF4B-00C04F79EFBC}") = "MWRBackOffice", "MWRBackOffice\MWRBackOffice.csproj", "{A550C1EF-7BF3-4FDB-8220-9C9DCA45A0FA}"
EndProject
Project("{FAE04EC0-301F-11D3-BF4B-00C04F79EFBC}") = "WSInventory", "WSInventory\WSInventory.csproj", "{59A36AD7-CA07-4EA3-A746-089CE78C23EB}"
EndProject
Project("{FAE04EC0-301F-11D3-BF4B-00C04F79EFBC}") = "WSDestory", "WSDestory\WSDestory.csproj", "{4B571971-3883-4CAF-AB06-AC554A83D0D3}"
EndProject
Project("{FAE04EC0-301F-11D3-BF4B-00C04F79EFBC}") = "ComLib", "..\..\..\ComLib\ComLib.csproj", "{70D21FDA-A5E3-4629-907B-B94051A65093}"
EndProject
Project("{FAE04EC0-301F-11D3-BF4B-00C04F79EFBC}") = "MWRDBModule", "MWRDBModule\MWRDBModule.csproj", "{5D8E6A3B-CF6A-45A2-8F5E-9CEE7993EBB4}"
EndProject
Project("{FAE04EC0-301F-11D3-BF4B-00C04F79EFBC}") = "MWRBusiness", "MWRBusiness\MWRBusiness.csproj", "{C77051AD-CB44-445F-A914-2253F49D5EAA}"
EndProject
Project("{FAE04EC0-301F-11D3-BF4B-00C04F79EFBC}") = "MWRWinBase", "MWRWinBase\MWRWinBase.csproj", "{E3145096-4256-408E-AA4B-0B291E2D1F7B}"
EndProject
Global
	GlobalSection(SourceCodeControl) = preSolution
		SccNumberOfProjects = 8
		SccLocalPath0 = .
		SccProjectUniqueName1 = WSInventory\\WSInventory.csproj
		SccLocalPath1 = .
		SccProjectFilePathRelativizedFromConnection1 = WSInventory\\
		SccProjectUniqueName2 = MWRBackOffice\\MWRBackOffice.csproj
		SccLocalPath2 = .
		SccProjectFilePathRelativizedFromConnection2 = MWRBackOffice\\
		SccProjectUniqueName3 = WSDestory\\WSDestory.csproj
		SccLocalPath3 = .
		SccProjectFilePathRelativizedFromConnection3 = WSDestory\\
		SccProjectUniqueName4 = ..\\..\\..\\ComLib\\ComLib.csproj
		SccProjectName4 = \u0022$/ComLib/DemoSolution.root/DemoSolution/ComLib\u0022,\u0020UCAAAAAA
		SccLocalPath4 = ..\\..\\..\\ComLib
		SccProjectUniqueName5 = MWRDBModule\\MWRDBModule.csproj
		SccLocalPath5 = .
		SccProjectFilePathRelativizedFromConnection5 = MWRDBModule\\
		SccProjectUniqueName6 = MWRBusiness\\MWRBusiness.csproj
		SccLocalPath6 = .
		SccProjectFilePathRelativizedFromConnection6 = MWRBusiness\\
		SccProjectUniqueName7 = MWRWinBase\\MWRWinBase.csproj
		SccLocalPath7 = .
		SccProjectFilePathRelativizedFromConnection7 = MWRWinBase\\
	EndGlobalSection
	GlobalSection(SolutionConfigurationPlatforms) = preSolution
		Debug|Any CPU = Debug|Any CPU
		Debug|Mixed Platforms = Debug|Mixed Platforms
		Debug|x86 = Debug|x86
		Release|Any CPU = Release|Any CPU
		Release|Mixed Platforms = Release|Mixed Platforms
		Release|x86 = Release|x86
	EndGlobalSection
	GlobalSection(ProjectConfigurationPlatforms) = postSolution
		{A550C1EF-7BF3-4FDB-8220-9C9DCA45A0FA}.Debug|Any CPU.ActiveCfg = Debug|Any CPU
		{A550C1EF-7BF3-4FDB-8220-9C9DCA45A0FA}.Debug|Any CPU.Build.0 = Debug|Any CPU
		{A550C1EF-7BF3-4FDB-8220-9C9DCA45A0FA}.Debug|Mixed Platforms.ActiveCfg = Debug|Any CPU
		{A550C1EF-7BF3-4FDB-8220-9C9DCA45A0FA}.Debug|Mixed Platforms.Build.0 = Debug|Any CPU
		{A550C1EF-7BF3-4FDB-8220-9C9DCA45A0FA}.Debug|x86.ActiveCfg = Debug|Any CPU
		{A550C1EF-7BF3-4FDB-8220-9C9DCA45A0FA}.Release|Any CPU.ActiveCfg = Release|Any CPU
		{A550C1EF-7BF3-4FDB-8220-9C9DCA45A0FA}.Release|Any CPU.Build.0 = Release|Any CPU
		{A550C1EF-7BF3-4FDB-8220-9C9DCA45A0FA}.Release|Mixed Platforms.ActiveCfg = Release|Any CPU
		{A550C1EF-7BF3-4FDB-8220-9C9DCA45A0FA}.Release|Mixed Platforms.Build.0 = Release|Any CPU
		{A550C1EF-7BF3-4FDB-8220-9C9DCA45A0FA}.Release|x86.ActiveCfg = Release|Any CPU
		{59A36AD7-CA07-4EA3-A746-089CE78C23EB}.Debug|Any CPU.ActiveCfg = Debug|x86
		{59A36AD7-CA07-4EA3-A746-089CE78C23EB}.Debug|Mixed Platforms.ActiveCfg = Debug|x86
		{59A36AD7-CA07-4EA3-A746-089CE78C23EB}.Debug|Mixed Platforms.Build.0 = Debug|x86
		{59A36AD7-CA07-4EA3-A746-089CE78C23EB}.Debug|x86.ActiveCfg = Debug|x86
		{59A36AD7-CA07-4EA3-A746-089CE78C23EB}.Debug|x86.Build.0 = Debug|x86
		{59A36AD7-CA07-4EA3-A746-089CE78C23EB}.Release|Any CPU.ActiveCfg = Release|x86
		{59A36AD7-CA07-4EA3-A746-089CE78C23EB}.Release|Mixed Platforms.ActiveCfg = Release|x86
		{59A36AD7-CA07-4EA3-A746-089CE78C23EB}.Release|Mixed Platforms.Build.0 = Release|x86
		{59A36AD7-CA07-4EA3-A746-089CE78C23EB}.Release|x86.ActiveCfg = Release|x86
		{59A36AD7-CA07-4EA3-A746-089CE78C23EB}.Release|x86.Build.0 = Release|x86
		{4B571971-3883-4CAF-AB06-AC554A83D0D3}.Debug|Any CPU.ActiveCfg = Debug|x86
		{4B571971-3883-4CAF-AB06-AC554A83D0D3}.Debug|Mixed Platforms.ActiveCfg = Debug|x86
		{4B571971-3883-4CAF-AB06-AC554A83D0D3}.Debug|Mixed Platforms.Build.0 = Debug|x86
		{4B571971-3883-4CAF-AB06-AC554A83D0D3}.Debug|x86.ActiveCfg = Debug|x86
		{4B571971-3883-4CAF-AB06-AC554A83D0D3}.Debug|x86.Build.0 = Debug|x86
		{4B571971-3883-4CAF-AB06-AC554A83D0D3}.Release|Any CPU.ActiveCfg = Release|x86
		{4B571971-3883-4CAF-AB06-AC554A83D0D3}.Release|Mixed Platforms.ActiveCfg = Release|x86
		{4B571971-3883-4CAF-AB06-AC554A83D0D3}.Release|Mixed Platforms.Build.0 = Release|x86
		{4B571971-3883-4CAF-AB06-AC554A83D0D3}.Release|x86.ActiveCfg = Release|x86
		{4B571971-3883-4CAF-AB06-AC554A83D0D3}.Release|x86.Build.0 = Release|x86
		{70D21FDA-A5E3-4629-907B-B94051A65093}.Debug|Any CPU.ActiveCfg = Debug|Any CPU
		{70D21FDA-A5E3-4629-907B-B94051A65093}.Debug|Any CPU.Build.0 = Debug|Any CPU
		{70D21FDA-A5E3-4629-907B-B94051A65093}.Debug|Mixed Platforms.ActiveCfg = Debug|Any CPU
		{70D21FDA-A5E3-4629-907B-B94051A65093}.Debug|Mixed Platforms.Build.0 = Debug|Any CPU
		{70D21FDA-A5E3-4629-907B-B94051A65093}.Debug|x86.ActiveCfg = Debug|Any CPU
		{70D21FDA-A5E3-4629-907B-B94051A65093}.Release|Any CPU.ActiveCfg = Release|Any CPU
		{70D21FDA-A5E3-4629-907B-B94051A65093}.Release|Any CPU.Build.0 = Release|Any CPU
		{70D21FDA-A5E3-4629-907B-B94051A65093}.Release|Mixed Platforms.ActiveCfg = Release|Any CPU
		{70D21FDA-A5E3-4629-907B-B94051A65093}.Release|Mixed Platforms.Build.0 = Release|Any CPU
		{70D21FDA-A5E3-4629-907B-B94051A65093}.Release|x86.ActiveCfg = Release|Any CPU
		{5D8E6A3B-CF6A-45A2-8F5E-9CEE7993EBB4}.Debug|Any CPU.ActiveCfg = Debug|Any CPU
		{5D8E6A3B-CF6A-45A2-8F5E-9CEE7993EBB4}.Debug|Any CPU.Build.0 = Debug|Any CPU
		{5D8E6A3B-CF6A-45A2-8F5E-9CEE7993EBB4}.Debug|Mixed Platforms.ActiveCfg = Debug|Any CPU
		{5D8E6A3B-CF6A-45A2-8F5E-9CEE7993EBB4}.Debug|Mixed Platforms.Build.0 = Debug|Any CPU
		{5D8E6A3B-CF6A-45A2-8F5E-9CEE7993EBB4}.Debug|x86.ActiveCfg = Debug|Any CPU
		{5D8E6A3B-CF6A-45A2-8F5E-9CEE7993EBB4}.Release|Any CPU.ActiveCfg = Release|Any CPU
		{5D8E6A3B-CF6A-45A2-8F5E-9CEE7993EBB4}.Release|Any CPU.Build.0 = Release|Any CPU
		{5D8E6A3B-CF6A-45A2-8F5E-9CEE7993EBB4}.Release|Mixed Platforms.ActiveCfg = Release|Any CPU
		{5D8E6A3B-CF6A-45A2-8F5E-9CEE7993EBB4}.Release|Mixed Platforms.Build.0 = Release|Any CPU
		{5D8E6A3B-CF6A-45A2-8F5E-9CEE7993EBB4}.Release|x86.ActiveCfg = Release|Any CPU
		{C77051AD-CB44-445F-A914-2253F49D5EAA}.Debug|Any CPU.ActiveCfg = Debug|Any CPU
		{C77051AD-CB44-445F-A914-2253F49D5EAA}.Debug|Any CPU.Build.0 = Debug|Any CPU
		{C77051AD-CB44-445F-A914-2253F49D5EAA}.Debug|Mixed Platforms.ActiveCfg = Debug|Any CPU
		{C77051AD-CB44-445F-A914-2253F49D5EAA}.Debug|Mixed Platforms.Build.0 = Debug|Any CPU
		{C77051AD-CB44-445F-A914-2253F49D5EAA}.Debug|x86.ActiveCfg = Debug|Any CPU
		{C77051AD-CB44-445F-A914-2253F49D5EAA}.Release|Any CPU.ActiveCfg = Release|Any CPU
		{C77051AD-CB44-445F-A914-2253F49D5EAA}.Release|Any CPU.Build.0 = Release|Any CPU
		{C77051AD-CB44-445F-A914-2253F49D5EAA}.Release|Mixed Platforms.ActiveCfg = Release|Any CPU
		{C77051AD-CB44-445F-A914-2253F49D5EAA}.Release|Mixed Platforms.Build.0 = Release|Any CPU
		{C77051AD-CB44-445F-A914-2253F49D5EAA}.Release|x86.ActiveCfg = Release|Any CPU
		{E3145096-4256-408E-AA4B-0B291E2D1F7B}.Debug|Any CPU.ActiveCfg = Debug|Any CPU
		{E3145096-4256-408E-AA4B-0B291E2D1F7B}.Debug|Any CPU.Build.0 = Debug|Any CPU
		{E3145096-4256-408E-AA4B-0B291E2D1F7B}.Debug|Mixed Platforms.ActiveCfg = Debug|Any CPU
		{E3145096-4256-408E-AA4B-0B291E2D1F7B}.Debug|Mixed Platforms.Build.0 = Debug|Any CPU
		{E3145096-4256-408E-AA4B-0B291E2D1F7B}.Debug|x86.ActiveCfg = Debug|Any CPU
		{E3145096-4256-408E-AA4B-0B291E2D1F7B}.Release|Any CPU.ActiveCfg = Release|Any CPU
		{E3145096-4256-408E-AA4B-0B291E2D1F7B}.Release|Any CPU.Build.0 = Release|Any CPU
		{E3145096-4256-408E-AA4B-0B291E2D1F7B}.Release|Mixed Platforms.ActiveCfg = Release|Any CPU
		{E3145096-4256-408E-AA4B-0B291E2D1F7B}.Release|Mixed Platforms.Build.0 = Release|Any CPU
		{E3145096-4256-408E-AA4B-0B291E2D1F7B}.Release|x86.ActiveCfg = Release|Any CPU
	EndGlobalSection
	GlobalSection(SolutionProperties) = preSolution
		HideSolutionNode = FALSE
	EndGlobalSection
EndGlobal
